
Microsoft Visual Studio Solution File, Format Version 12.00
# Visual Studio Version 16
VisualStudioVersion = 16.0.29920.165
MinimumVisualStudioVersion = 10.0.40219.1
Project("{9A19103F-16F7-4668-BE54-9A1E7A4F7556}") = "DataAccess", "DataAccess\DataAccess.csproj", "{ED082DF7-0783-463B-91E1-0E2D3925BC74}"
	ProjectSection(ProjectDependencies) = postProject
		{5DB8BB86-2568-41D8-A8F5-C41E869FD2B3} = {5DB8BB86-2568-41D8-A8F5-C41E869FD2B3}
	EndProjectSection
EndProject
Project("{9A19103F-16F7-4668-BE54-9A1E7A4F7556}") = "Business", "Business\Business.csproj", "{FFEBDB84-AFD9-4754-96BC-31081C586B4F}"
EndProject
Project("{9A19103F-16F7-4668-BE54-9A1E7A4F7556}") = "Entities", "Entities\Entities.csproj", "{5DB8BB86-2568-41D8-A8F5-C41E869FD2B3}"
EndProject
Project("{9A19103F-16F7-4668-BE54-9A1E7A4F7556}") = "ConsoleUI", "ConsoleUI\ConsoleUI.csproj", "{5C27738B-BD5D-4226-92CA-827C8EFAE8AB}"
EndProject
Project("{9A19103F-16F7-4668-BE54-9A1E7A4F7556}") = "Core", "Core\Core.csproj", "{FEC7EB5C-9F27-43EB-9F10-9CBBAD8FD873}"
EndProject
Project("{FAE04EC0-301F-11D3-BF4B-00C04F79EFBC}") = "WebAPI", "WebAPI\WebAPI.csproj", "{7239552E-01C5-405E-BD41-2CE4B8F960DB}"
EndProject
Global
	GlobalSection(SolutionConfigurationPlatforms) = preSolution
		Debug|Any CPU = Debug|Any CPU
		Release|Any CPU = Release|Any CPU
	EndGlobalSection
	GlobalSection(ProjectConfigurationPlatforms) = postSolution
		{ED082DF7-0783-463B-91E1-0E2D3925BC74}.Debug|Any CPU.ActiveCfg = Debug|Any CPU
		{ED082DF7-0783-463B-91E1-0E2D3925BC74}.Debug|Any CPU.Build.0 = Debug|Any CPU
		{ED082DF7-0783-463B-91E1-0E2D3925BC74}.Release|Any CPU.ActiveCfg = Release|Any CPU
		{ED082DF7-0783-463B-91E1-0E2D3925BC74}.Release|Any CPU.Build.0 = Release|Any CPU
		{FFEBDB84-AFD9-4754-96BC-31081C586B4F}.Debug|Any CPU.ActiveCfg = Debug|Any CPU
		{FFEBDB84-AFD9-4754-96BC-31081C586B4F}.Debug|Any CPU.Build.0 = Debug|Any CPU
		{FFEBDB84-AFD9-4754-96BC-31081C586B4F}.Release|Any CPU.ActiveCfg = Release|Any CPU
		{FFEBDB84-AFD9-4754-96BC-31081C586B4F}.Release|Any CPU.Build.0 = Release|Any CPU
		{5DB8BB86-2568-41D8-A8F5-C41E869FD2B3}.Debug|Any CPU.ActiveCfg = Debug|Any CPU
		{5DB8BB86-2568-41D8-A8F5-C41E869FD2B3}.Debug|Any CPU.Build.0 = Debug|Any CPU
		{5DB8BB86-2568-41D8-A8F5-C41E869FD2B3}.Release|Any CPU.ActiveCfg = Release|Any CPU
		{5DB8BB86-2568-41D8-A8F5-C41E869FD2B3}.Release|Any CPU.Build.0 = Release|Any CPU
		{5C27738B-BD5D-4226-92CA-827C8EFAE8AB}.Debug|Any CPU.ActiveCfg = Debug|Any CPU
		{5C27738B-BD5D-4226-92CA-827C8EFAE8AB}.Debug|Any CPU.Build.0 = Debug|Any CPU
		{5C27738B-BD5D-4226-92CA-827C8EFAE8AB}.Release|Any CPU.ActiveCfg = Release|Any CPU
		{5C27738B-BD5D-4226-92CA-827C8EFAE8AB}.Release|Any CPU.Build.0 = Release|Any CPU
		{FEC7EB5C-9F27-43EB-9F10-9CBBAD8FD873}.Debug|Any CPU.ActiveCfg = Debug|Any CPU
		{FEC7EB5C-9F27-43EB-9F10-9CBBAD8FD873}.Debug|Any CPU.Build.0 = Debug|Any CPU
		{FEC7EB5C-9F27-43EB-9F10-9CBBAD8FD873}.Release|Any CPU.ActiveCfg = Release|Any CPU
		{FEC7EB5C-9F27-43EB-9F10-9CBBAD8FD873}.Release|Any CPU.Build.0 = Release|Any CPU
		{7239552E-01C5-405E-BD41-2CE4B8F960DB}.Debug|Any CPU.ActiveCfg = Debug|Any CPU
		{7239552E-01C5-405E-BD41-2CE4B8F960DB}.Debug|Any CPU.Build.0 = Debug|Any CPU
		{7239552E-01C5-405E-BD41-2CE4B8F960DB}.Release|Any CPU.ActiveCfg = Release|Any CPU
		{7239552E-01C5-405E-BD41-2CE4B8F960DB}.Release|Any CPU.Build.0 = Release|Any CPU
	EndGlobalSection
	GlobalSection(SolutionProperties) = preSolution
		HideSolutionNode = FALSE
	EndGlobalSection
	GlobalSection(ExtensibilityGlobals) = postSolution
		SolutionGuid = {CBA8E4D2-42E9-40A6-9637-14816165FF4B}
	EndGlobalSection
EndGlobal
